
Microsoft Visual Studio Solution File, Format Version 12.00
# Visual Studio 15
VisualStudioVersion = 15.0.26730.15
MinimumVisualStudioVersion = 10.0.40219.1
Project("{FAE04EC0-301F-11D3-BF4B-00C04F79EFBC}") = "Sprite_2D", "Sprite_2D.csproj", "{B19065A4-EB6B-4D24-9D88-DEEC513CD318}"
EndProject
Global
	GlobalSection(SolutionConfigurationPlatforms) = preSolution
		Debug|Any CPU = Debug|Any CPU
		Release|Any CPU = Release|Any CPU
	EndGlobalSection
	GlobalSection(ProjectConfigurationPlatforms) = postSolution
		{B19065A4-EB6B-4D24-9D88-DEEC513CD318}.Debug|Any CPU.ActiveCfg = Debug|Any CPU
		{B19065A4-EB6B-4D24-9D88-DEEC513CD318}.Debug|Any CPU.Build.0 = Debug|Any CPU
		{B19065A4-EB6B-4D24-9D88-DEEC513CD318}.Release|Any CPU.ActiveCfg = Release|Any CPU
		{B19065A4-EB6B-4D24-9D88-DEEC513CD318}.Release|Any CPU.Build.0 = Release|Any CPU
	EndGlobalSection
	GlobalSection(SolutionProperties) = preSolution
		HideSolutionNode = FALSE
	EndGlobalSection
	GlobalSection(ExtensibilityGlobals) = postSolution
		SolutionGuid = {AEB8F317-32E0-45A1-AEEB-6ACAA7A5AEA2}
	EndGlobalSection
EndGlobal
